// !$*UTF8*$!
{
	archiveVersion = 1;
	classes = {
	};
	objectVersion = 56;
	objects = {

/* Begin PBXBuildFile section */
		573A7CD82AE52F7300EE01BD /* SATIPApp.swift in Sources */ = {isa = PBXBuildFile; fileRef = 573A7CD72AE52F7300EE01BD /* SATIPApp.swift */; };
		573A7CDE2AE52F7400EE01BD /* Assets.xcassets in Resources */ = {isa = PBXBuildFile; fileRef = 573A7CDD2AE52F7400EE01BD /* Assets.xcassets */; };
		573A7CE12AE52F7400EE01BD /* Preview Assets.xcassets in Resources */ = {isa = PBXBuildFile; fileRef = 573A7CE02AE52F7400EE01BD /* Preview Assets.xcassets */; };
		573A7CE92AE5302400EE01BD /* EPGView.swift in Sources */ = {isa = PBXBuildFile; fileRef = 573A7CE82AE5302400EE01BD /* EPGView.swift */; };
		573A7CEB2AE5303E00EE01BD /* SettingsView.swift in Sources */ = {isa = PBXBuildFile; fileRef = 573A7CEA2AE5303E00EE01BD /* SettingsView.swift */; };
		573A7CED2AE5306500EE01BD /* TVView.swift in Sources */ = {isa = PBXBuildFile; fileRef = 573A7CEC2AE5306500EE01BD /* TVView.swift */; };
		573A7CF12AE536CE00EE01BD /* Settings.bundle in Resources */ = {isa = PBXBuildFile; fileRef = 573A7CF02AE536CE00EE01BD /* Settings.bundle */; };
		573A7CF72AE53CBD00EE01BD /* Channels.swift in Sources */ = {isa = PBXBuildFile; fileRef = 573A7CF62AE53CBD00EE01BD /* Channels.swift */; };
		573A7CF92AE53D5900EE01BD /* Channel.swift in Sources */ = {isa = PBXBuildFile; fileRef = 573A7CF82AE53D5900EE01BD /* Channel.swift */; };
/* End PBXBuildFile section */

/* Begin PBXFileReference section */
		573A7CD42AE52F7300EE01BD /* SATIP.app */ = {isa = PBXFileReference; explicitFileType = wrapper.application; includeInIndex = 0; path = SATIP.app; sourceTree = BUILT_PRODUCTS_DIR; };
		573A7CD72AE52F7300EE01BD /* SATIPApp.swift */ = {isa = PBXFileReference; lastKnownFileType = sourcecode.swift; path = SATIPApp.swift; sourceTree = "<group>"; };
		573A7CDD2AE52F7400EE01BD /* Assets.xcassets */ = {isa = PBXFileReference; lastKnownFileType = folder.assetcatalog; path = Assets.xcassets; sourceTree = "<group>"; };
		573A7CE02AE52F7400EE01BD /* Preview Assets.xcassets */ = {isa = PBXFileReference; lastKnownFileType = folder.assetcatalog; path = "Preview Assets.xcassets"; sourceTree = "<group>"; };
		573A7CE82AE5302400EE01BD /* EPGView.swift */ = {isa = PBXFileReference; lastKnownFileType = sourcecode.swift; path = EPGView.swift; sourceTree = "<group>"; };
		573A7CEA2AE5303E00EE01BD /* SettingsView.swift */ = {isa = PBXFileReference; lastKnownFileType = sourcecode.swift; path = SettingsView.swift; sourceTree = "<group>"; };
		573A7CEC2AE5306500EE01BD /* TVView.swift */ = {isa = PBXFileReference; lastKnownFileType = sourcecode.swift; path = TVView.swift; sourceTree = "<group>"; };
		573A7CF02AE536CE00EE01BD /* Settings.bundle */ = {isa = PBXFileReference; lastKnownFileType = "wrapper.plug-in"; path = Settings.bundle; sourceTree = "<group>"; };
		573A7CF62AE53CBD00EE01BD /* Channels.swift */ = {isa = PBXFileReference; lastKnownFileType = sourcecode.swift; path = Channels.swift; sourceTree = "<group>"; };
		573A7CF82AE53D5900EE01BD /* Channel.swift */ = {isa = PBXFileReference; lastKnownFileType = sourcecode.swift; path = Channel.swift; sourceTree = "<group>"; };
/* End PBXFileReference section */

/* Begin PBXFrameworksBuildPhase section */
		573A7CD12AE52F7300EE01BD /* Frameworks */ = {
			isa = PBXFrameworksBuildPhase;
			buildActionMask = 2147483647;
			files = (
			);
			runOnlyForDeploymentPostprocessing = 0;
		};
/* End PBXFrameworksBuildPhase section */

/* Begin PBXGroup section */
		573A7CCB2AE52F7300EE01BD = {
			isa = PBXGroup;
			children = (
				573A7CD62AE52F7300EE01BD /* SATIP */,
				573A7CD52AE52F7300EE01BD /* Products */,
			);
			sourceTree = "<group>";
		};
		573A7CD52AE52F7300EE01BD /* Products */ = {
			isa = PBXGroup;
			children = (
				573A7CD42AE52F7300EE01BD /* SATIP.app */,
			);
			name = Products;
			sourceTree = "<group>";
		};
		573A7CD62AE52F7300EE01BD /* SATIP */ = {
			isa = PBXGroup;
			children = (
				573A7CF52AE53C9F00EE01BD /* Data */,
				573A7CF22AE53B7500EE01BD /* IO */,
				573A7CE72AE5301800EE01BD /* Views */,
				573A7CD72AE52F7300EE01BD /* SATIPApp.swift */,
				573A7CDD2AE52F7400EE01BD /* Assets.xcassets */,
				573A7CDF2AE52F7400EE01BD /* Preview Content */,
				573A7CF02AE536CE00EE01BD /* Settings.bundle */,
			);
			path = SATIP;
			sourceTree = "<group>";
		};
		573A7CDF2AE52F7400EE01BD /* Preview Content */ = {
			isa = PBXGroup;
			children = (
				573A7CE02AE52F7400EE01BD /* Preview Assets.xcassets */,
			);
			path = "Preview Content";
			sourceTree = "<group>";
		};
		573A7CE72AE5301800EE01BD /* Views */ = {
			isa = PBXGroup;
			children = (
				573A7CE82AE5302400EE01BD /* EPGView.swift */,
				573A7CEA2AE5303E00EE01BD /* SettingsView.swift */,
				573A7CEC2AE5306500EE01BD /* TVView.swift */,
			);
			path = Views;
			sourceTree = "<group>";
		};
		573A7CF22AE53B7500EE01BD /* IO */ = {
			isa = PBXGroup;
			children = (
			);
			path = IO;
			sourceTree = "<group>";
		};
		573A7CF52AE53C9F00EE01BD /* Data */ = {
			isa = PBXGroup;
			children = (
				573A7CF62AE53CBD00EE01BD /* Channels.swift */,
				573A7CF82AE53D5900EE01BD /* Channel.swift */,
			);
			path = Data;
			sourceTree = "<group>";
		};
/* End PBXGroup section */

/* Begin PBXNativeTarget section */
		573A7CD32AE52F7300EE01BD /* SATIP */ = {
			isa = PBXNativeTarget;
			buildConfigurationList = 573A7CE42AE52F7400EE01BD /* Build configuration list for PBXNativeTarget "SATIP" */;
			buildPhases = (
				573A7CD02AE52F7300EE01BD /* Sources */,
				573A7CD12AE52F7300EE01BD /* Frameworks */,
				573A7CD22AE52F7300EE01BD /* Resources */,
			);
			buildRules = (
			);
			dependencies = (
			);
			name = SATIP;
			productName = SATIP;
			productReference = 573A7CD42AE52F7300EE01BD /* SATIP.app */;
			productType = "com.apple.product-type.application";
		};
/* End PBXNativeTarget section */

/* Begin PBXProject section */
		573A7CCC2AE52F7300EE01BD /* Project object */ = {
			isa = PBXProject;
			attributes = {
				BuildIndependentTargetsInParallel = 1;
				LastSwiftUpdateCheck = 1500;
				LastUpgradeCheck = 1500;
				TargetAttributes = {
					573A7CD32AE52F7300EE01BD = {
						CreatedOnToolsVersion = 15.0.1;
					};
				};
			};
			buildConfigurationList = 573A7CCF2AE52F7300EE01BD /* Build configuration list for PBXProject "SATIP" */;
			compatibilityVersion = "Xcode 14.0";
			developmentRegion = en;
			hasScannedForEncodings = 0;
			knownRegions = (
				en,
				Base,
			);
			mainGroup = 573A7CCB2AE52F7300EE01BD;
			productRefGroup = 573A7CD52AE52F7300EE01BD /* Products */;
			projectDirPath = "";
			projectRoot = "";
			targets = (
				573A7CD32AE52F7300EE01BD /* SATIP */,
			);
		};
/* End PBXProject section */

/* Begin PBXResourcesBuildPhase section */
		573A7CD22AE52F7300EE01BD /* Resources */ = {
			isa = PBXResourcesBuildPhase;
			buildActionMask = 2147483647;
			files = (
				573A7CE12AE52F7400EE01BD /* Preview Assets.xcassets in Resources */,
				573A7CF12AE536CE00EE01BD /* Settings.bundle in Resources */,
				573A7CDE2AE52F7400EE01BD /* Assets.xcassets in Resources */,
			);
			runOnlyForDeploymentPostprocessing = 0;
		};
/* End PBXResourcesBuildPhase section */

/* Begin PBXSourcesBuildPhase section */
		573A7CD02AE52F7300EE01BD /* Sources */ = {
			isa = PBXSourcesBuildPhase;
			buildActionMask = 2147483647;
			files = (
				573A7CF92AE53D5900EE01BD /* Channel.swift in Sources */,
				573A7CEB2AE5303E00EE01BD /* SettingsView.swift in Sources */,
				573A7CD82AE52F7300EE01BD /* SATIPApp.swift in Sources */,
				573A7CF72AE53CBD00EE01BD /* Channels.swift in Sources */,
				573A7CE92AE5302400EE01BD /* EPGView.swift in Sources */,
				573A7CED2AE5306500EE01BD /* TVView.swift in Sources */,
			);
			runOnlyForDeploymentPostprocessing = 0;
		};
/* End PBXSourcesBuildPhase section */

/* Begin XCBuildConfiguration section */
		573A7CE22AE52F7400EE01BD /* Debug */ = {
			isa = XCBuildConfiguration;
			buildSettings = {
				ALWAYS_SEARCH_USER_PATHS = NO;
				ASSETCATALOG_COMPILER_GENERATE_SWIFT_ASSET_SYMBOL_EXTENSIONS = YES;
				CLANG_ANALYZER_NONNULL = YES;
				CLANG_ANALYZER_NUMBER_OBJECT_CONVERSION = YES_AGGRESSIVE;
				CLANG_CXX_LANGUAGE_STANDARD = "gnu++20";
				CLANG_ENABLE_MODULES = YES;
				CLANG_ENABLE_OBJC_ARC = YES;
				CLANG_ENABLE_OBJC_WEAK = YES;
				CLANG_WARN_BLOCK_CAPTURE_AUTORELEASING = YES;
				CLANG_WARN_BOOL_CONVERSION = YES;
				CLANG_WARN_COMMA = YES;
				CLANG_WARN_CONSTANT_CONVERSION = YES;
				CLANG_WARN_DEPRECATED_OBJC_IMPLEMENTATIONS = YES;
				CLANG_WARN_DIRECT_OBJC_ISA_USAGE = YES_ERROR;
				CLANG_WARN_DOCUMENTATION_COMMENTS = YES;
				CLANG_WARN_EMPTY_BODY = YES;
				CLANG_WARN_ENUM_CONVERSION = YES;
				CLANG_WARN_INFINITE_RECURSION = YES;
				CLANG_WARN_INT_CONVERSION = YES;
				CLANG_WARN_NON_LITERAL_NULL_CONVERSION = YES;
				CLANG_WARN_OBJC_IMPLICIT_RETAIN_SELF = YES;
				CLANG_WARN_OBJC_LITERAL_CONVERSION = YES;
				CLANG_WARN_OBJC_ROOT_CLASS = YES_ERROR;
				CLANG_WARN_QUOTED_INCLUDE_IN_FRAMEWORK_HEADER = YES;
				CLANG_WARN_RANGE_LOOP_ANALYSIS = YES;
				CLANG_WARN_STRICT_PROTOTYPES = YES;
				CLANG_WARN_SUSPICIOUS_MOVE = YES;
				CLANG_WARN_UNGUARDED_AVAILABILITY = YES_AGGRESSIVE;
				CLANG_WARN_UNREACHABLE_CODE = YES;
				CLANG_WARN__DUPLICATE_METHOD_MATCH = YES;
				COPY_PHASE_STRIP = NO;
				DEBUG_INFORMATION_FORMAT = dwarf;
				ENABLE_STRICT_OBJC_MSGSEND = YES;
				ENABLE_TESTABILITY = YES;
				ENABLE_USER_SCRIPT_SANDBOXING = YES;
				GCC_C_LANGUAGE_STANDARD = gnu17;
				GCC_DYNAMIC_NO_PIC = NO;
				GCC_NO_COMMON_BLOCKS = YES;
				GCC_OPTIMIZATION_LEVEL = 0;
				GCC_PREPROCESSOR_DEFINITIONS = (
					"DEBUG=1",
					"$(inherited)",
				);
				GCC_WARN_64_TO_32_BIT_CONVERSION = YES;
				GCC_WARN_ABOUT_RETURN_TYPE = YES_ERROR;
				GCC_WARN_UNDECLARED_SELECTOR = YES;
				GCC_WARN_UNINITIALIZED_AUTOS = YES_AGGRESSIVE;
				GCC_WARN_UNUSED_FUNCTION = YES;
				GCC_WARN_UNUSED_VARIABLE = YES;
				LOCALIZATION_PREFERS_STRING_CATALOGS = YES;
				MTL_ENABLE_DEBUG_INFO = INCLUDE_SOURCE;
				MTL_FAST_MATH = YES;
				ONLY_ACTIVE_ARCH = YES;
				SDKROOT = appletvos;
				SWIFT_ACTIVE_COMPILATION_CONDITIONS = "DEBUG $(inherited)";
				SWIFT_OPTIMIZATION_LEVEL = "-Onone";
				TVOS_DEPLOYMENT_TARGET = 17.0;
			};
			name = Debug;
		};
		573A7CE32AE52F7400EE01BD /* Release */ = {
			isa = XCBuildConfiguration;
			buildSettings = {
				ALWAYS_SEARCH_USER_PATHS = NO;
				ASSETCATALOG_COMPILER_GENERATE_SWIFT_ASSET_SYMBOL_EXTENSIONS = YES;
				CLANG_ANALYZER_NONNULL = YES;
				CLANG_ANALYZER_NUMBER_OBJECT_CONVERSION = YES_AGGRESSIVE;
				CLANG_CXX_LANGUAGE_STANDARD = "gnu++20";
				CLANG_ENABLE_MODULES = YES;
				CLANG_ENABLE_OBJC_ARC = YES;
				CLANG_ENABLE_OBJC_WEAK = YES;
				CLANG_WARN_BLOCK_CAPTURE_AUTORELEASING = YES;
				CLANG_WARN_BOOL_CONVERSION = YES;
				CLANG_WARN_COMMA = YES;
				CLANG_WARN_CONSTANT_CONVERSION = YES;
				CLANG_WARN_DEPRECATED_OBJC_IMPLEMENTATIONS = YES;
				CLANG_WARN_DIRECT_OBJC_ISA_USAGE = YES_ERROR;
				CLANG_WARN_DOCUMENTATION_COMMENTS = YES;
				CLANG_WARN_EMPTY_BODY = YES;
				CLANG_WARN_ENUM_CONVERSION = YES;
				CLANG_WARN_INFINITE_RECURSION = YES;
				CLANG_WARN_INT_CONVERSION = YES;
				CLANG_WARN_NON_LITERAL_NULL_CONVERSION = YES;
				CLANG_WARN_OBJC_IMPLICIT_RETAIN_SELF = YES;
				CLANG_WARN_OBJC_LITERAL_CONVERSION = YES;
				CLANG_WARN_OBJC_ROOT_CLASS = YES_ERROR;
				CLANG_WARN_QUOTED_INCLUDE_IN_FRAMEWORK_HEADER = YES;
				CLANG_WARN_RANGE_LOOP_ANALYSIS = YES;
				CLANG_WARN_STRICT_PROTOTYPES = YES;
				CLANG_WARN_SUSPICIOUS_MOVE = YES;
				CLANG_WARN_UNGUARDED_AVAILABILITY = YES_AGGRESSIVE;
				CLANG_WARN_UNREACHABLE_CODE = YES;
				CLANG_WARN__DUPLICATE_METHOD_MATCH = YES;
				COPY_PHASE_STRIP = NO;
				DEBUG_INFORMATION_FORMAT = "dwarf-with-dsym";
				ENABLE_NS_ASSERTIONS = NO;
				ENABLE_STRICT_OBJC_MSGSEND = YES;
				ENABLE_USER_SCRIPT_SANDBOXING = YES;
				GCC_C_LANGUAGE_STANDARD = gnu17;
				GCC_NO_COMMON_BLOCKS = YES;
				GCC_WARN_64_TO_32_BIT_CONVERSION = YES;
				GCC_WARN_ABOUT_RETURN_TYPE = YES_ERROR;
				GCC_WARN_UNDECLARED_SELECTOR = YES;
				GCC_WARN_UNINITIALIZED_AUTOS = YES_AGGRESSIVE;
				GCC_WARN_UNUSED_FUNCTION = YES;
				GCC_WARN_UNUSED_VARIABLE = YES;
				LOCALIZATION_PREFERS_STRING_CATALOGS = YES;
				MTL_ENABLE_DEBUG_INFO = NO;
				MTL_FAST_MATH = YES;
				SDKROOT = appletvos;
				SWIFT_COMPILATION_MODE = wholemodule;
				TVOS_DEPLOYMENT_TARGET = 17.0;
				VALIDATE_PRODUCT = YES;
			};
			name = Release;
		};
		573A7CE52AE52F7400EE01BD /* Debug */ = {
			isa = XCBuildConfiguration;
			buildSettings = {
				ASSETCATALOG_COMPILER_APPICON_NAME = "App Icon & Top Shelf Image";
				ASSETCATALOG_COMPILER_GLOBAL_ACCENT_COLOR_NAME = AccentColor;
				CODE_SIGN_STYLE = Automatic;
				CURRENT_PROJECT_VERSION = 1;
				DEVELOPMENT_ASSET_PATHS = "\"SATIP/Preview Content\"";
				DEVELOPMENT_TEAM = D98MFQ43UB;
				ENABLE_PREVIEWS = YES;
				GENERATE_INFOPLIST_FILE = YES;
				INFOPLIST_KEY_UILaunchScreen_Generation = YES;
				INFOPLIST_KEY_UIUserInterfaceStyle = Automatic;
				LD_RUNPATH_SEARCH_PATHS = (
					"$(inherited)",
					"@executable_path/Frameworks",
				);
				MARKETING_VERSION = 1.0;
				PRODUCT_BUNDLE_IDENTIFIER = com.bizarus.SATIP;
				PRODUCT_NAME = "$(TARGET_NAME)";
				SWIFT_EMIT_LOC_STRINGS = YES;
				SWIFT_VERSION = 5.0;
				TARGETED_DEVICE_FAMILY = 3;
			};
			name = Debug;
		};
		573A7CE62AE52F7400EE01BD /* Release */ = {
			isa = XCBuildConfiguration;
			buildSettings = {
				ASSETCATALOG_COMPILER_APPICON_NAME = "App Icon & Top Shelf Image";
				ASSETCATALOG_COMPILER_GLOBAL_ACCENT_COLOR_NAME = AccentColor;
				CODE_SIGN_STYLE = Automatic;
				CURRENT_PROJECT_VERSION = 1;
				DEVELOPMENT_ASSET_PATHS = "\"SATIP/Preview Content\"";
				DEVELOPMENT_TEAM = D98MFQ43UB;
				ENABLE_PREVIEWS = YES;
				GENERATE_INFOPLIST_FILE = YES;
				INFOPLIST_KEY_UILaunchScreen_Generation = YES;
				INFOPLIST_KEY_UIUserInterfaceStyle = Automatic;
				LD_RUNPATH_SEARCH_PATHS = (
					"$(inherited)",
					"@executable_path/Frameworks",
				);
				MARKETING_VERSION = 1.0;
				PRODUCT_BUNDLE_IDENTIFIER = com.bizarus.SATIP;
				PRODUCT_NAME = "$(TARGET_NAME)";
				SWIFT_EMIT_LOC_STRINGS = YES;
				SWIFT_VERSION = 5.0;
				TARGETED_DEVICE_FAMILY = 3;
			};
			name = Release;
		};
/* End XCBuildConfiguration section */

/* Begin XCConfigurationList section */
		573A7CCF2AE52F7300EE01BD /* Build configuration list for PBXProject "SATIP" */ = {
			isa = XCConfigurationList;
			buildConfigurations = (
				573A7CE22AE52F7400EE01BD /* Debug */,
				573A7CE32AE52F7400EE01BD /* Release */,
			);
			defaultConfigurationIsVisible = 0;
			defaultConfigurationName = Release;
		};
		573A7CE42AE52F7400EE01BD /* Build configuration list for PBXNativeTarget "SATIP" */ = {
			isa = XCConfigurationList;
			buildConfigurations = (
				573A7CE52AE52F7400EE01BD /* Debug */,
				573A7CE62AE52F7400EE01BD /* Release */,
			);
			defaultConfigurationIsVisible = 0;
			defaultConfigurationName = Release;
		};
/* End XCConfigurationList section */
	};
	rootObject = 573A7CCC2AE52F7300EE01BD /* Project object */;
}
